
Microsoft Visual Studio Solution File, Format Version 12.00
# Visual Studio Version 16
VisualStudioVersion = 16.0.30011.22
MinimumVisualStudioVersion = 10.0.40219.1
Project("{FAE04EC0-301F-11D3-BF4B-00C04F79EFBC}") = "StocksGUI", "StocksGUI\StocksGUI.csproj", "{08BE9CAE-573F-4511-B68B-1552A9DE5C2D}"
EndProject
Project("{FAE04EC0-301F-11D3-BF4B-00C04F79EFBC}") = "Quotes", "Quotes\Quotes.csproj", "{1CB46725-EA50-401A-8287-5931C5681562}"
EndProject
Project("{FAE04EC0-301F-11D3-BF4B-00C04F79EFBC}") = "QuotesTest", "QuotesTest\QuotesTest.csproj", "{480333DD-B85A-4336-B0E5-05F044847F82}"
EndProject
Global
	GlobalSection(SolutionConfigurationPlatforms) = preSolution
		Debug|Any CPU = Debug|Any CPU
		Release|Any CPU = Release|Any CPU
	EndGlobalSection
	GlobalSection(ProjectConfigurationPlatforms) = postSolution
		{08BE9CAE-573F-4511-B68B-1552A9DE5C2D}.Debug|Any CPU.ActiveCfg = Debug|Any CPU
		{08BE9CAE-573F-4511-B68B-1552A9DE5C2D}.Debug|Any CPU.Build.0 = Debug|Any CPU
		{08BE9CAE-573F-4511-B68B-1552A9DE5C2D}.Release|Any CPU.ActiveCfg = Release|Any CPU
		{08BE9CAE-573F-4511-B68B-1552A9DE5C2D}.Release|Any CPU.Build.0 = Release|Any CPU
		{1CB46725-EA50-401A-8287-5931C5681562}.Debug|Any CPU.ActiveCfg = Debug|Any CPU
		{1CB46725-EA50-401A-8287-5931C5681562}.Debug|Any CPU.Build.0 = Debug|Any CPU
		{1CB46725-EA50-401A-8287-5931C5681562}.Release|Any CPU.ActiveCfg = Release|Any CPU
		{1CB46725-EA50-401A-8287-5931C5681562}.Release|Any CPU.Build.0 = Release|Any CPU
		{480333DD-B85A-4336-B0E5-05F044847F82}.Debug|Any CPU.ActiveCfg = Debug|Any CPU
		{480333DD-B85A-4336-B0E5-05F044847F82}.Debug|Any CPU.Build.0 = Debug|Any CPU
		{480333DD-B85A-4336-B0E5-05F044847F82}.Release|Any CPU.ActiveCfg = Release|Any CPU
		{480333DD-B85A-4336-B0E5-05F044847F82}.Release|Any CPU.Build.0 = Release|Any CPU
	EndGlobalSection
	GlobalSection(SolutionProperties) = preSolution
		HideSolutionNode = FALSE
	EndGlobalSection
	GlobalSection(ExtensibilityGlobals) = postSolution
		SolutionGuid = {C2981544-3407-44BD-97A5-DCC0583713A4}
	EndGlobalSection
EndGlobal
